
Microsoft Visual Studio Solution File, Format Version 12.00
# Visual Studio Version 17
VisualStudioVersion = 17.5.33424.131
MinimumVisualStudioVersion = 10.0.40219.1
Project("{FAE04EC0-301F-11D3-BF4B-00C04F79EFBC}") = "First App", "First App\First App.csproj", "{F91D8753-3043-42A6-8AA7-07A1A1E25492}"
EndProject
Global
	GlobalSection(SolutionConfigurationPlatforms) = preSolution
		Debug|Any CPU = Debug|Any CPU
		Release|Any CPU = Release|Any CPU
	EndGlobalSection
	GlobalSection(ProjectConfigurationPlatforms) = postSolution
		{F91D8753-3043-42A6-8AA7-07A1A1E25492}.Debug|Any CPU.ActiveCfg = Debug|Any CPU
		{F91D8753-3043-42A6-8AA7-07A1A1E25492}.Debug|Any CPU.Build.0 = Debug|Any CPU
		{F91D8753-3043-42A6-8AA7-07A1A1E25492}.Release|Any CPU.ActiveCfg = Release|Any CPU
		{F91D8753-3043-42A6-8AA7-07A1A1E25492}.Release|Any CPU.Build.0 = Release|Any CPU
	EndGlobalSection
	GlobalSection(SolutionProperties) = preSolution
		HideSolutionNode = FALSE
	EndGlobalSection
	GlobalSection(ExtensibilityGlobals) = postSolution
		SolutionGuid = {5B4BD976-E6F1-4DDE-972B-872C67DC462C}
	EndGlobalSection
EndGlobal
