
Microsoft Visual Studio Solution File, Format Version 12.00
# Visual Studio Version 17
VisualStudioVersion = 17.4.33213.308
MinimumVisualStudioVersion = 10.0.40219.1
Project("{FAE04EC0-301F-11D3-BF4B-00C04F79EFBC}") = "Lab 1", "Lab 1.csproj", "{ECE82730-3D67-4A22-97E4-B1CD70C8AA07}"
EndProject
Global
	GlobalSection(SolutionConfigurationPlatforms) = preSolution
		Debug|Any CPU = Debug|Any CPU
		Release|Any CPU = Release|Any CPU
	EndGlobalSection
	GlobalSection(ProjectConfigurationPlatforms) = postSolution
		{ECE82730-3D67-4A22-97E4-B1CD70C8AA07}.Debug|Any CPU.ActiveCfg = Debug|Any CPU
		{ECE82730-3D67-4A22-97E4-B1CD70C8AA07}.Debug|Any CPU.Build.0 = Debug|Any CPU
		{ECE82730-3D67-4A22-97E4-B1CD70C8AA07}.Release|Any CPU.ActiveCfg = Release|Any CPU
		{ECE82730-3D67-4A22-97E4-B1CD70C8AA07}.Release|Any CPU.Build.0 = Release|Any CPU
	EndGlobalSection
	GlobalSection(SolutionProperties) = preSolution
		HideSolutionNode = FALSE
	EndGlobalSection
	GlobalSection(ExtensibilityGlobals) = postSolution
		SolutionGuid = {DD87E402-2773-460E-9E7C-5FB837E2307E}
	EndGlobalSection
EndGlobal
