
Microsoft Visual Studio Solution File, Format Version 12.00
# Visual Studio Version 17
VisualStudioVersion = 17.4.33213.308
MinimumVisualStudioVersion = 10.0.40219.1
Project("{9A19103F-16F7-4668-BE54-9A1E7A4F7556}") = "Lab 2 prog 3", "Lab 2 prog 3.csproj", "{6DAFFCFB-D8B6-4786-80CC-48C23797F47F}"
EndProject
Global
	GlobalSection(SolutionConfigurationPlatforms) = preSolution
		Debug|Any CPU = Debug|Any CPU
		Release|Any CPU = Release|Any CPU
	EndGlobalSection
	GlobalSection(ProjectConfigurationPlatforms) = postSolution
		{6DAFFCFB-D8B6-4786-80CC-48C23797F47F}.Debug|Any CPU.ActiveCfg = Debug|Any CPU
		{6DAFFCFB-D8B6-4786-80CC-48C23797F47F}.Debug|Any CPU.Build.0 = Debug|Any CPU
		{6DAFFCFB-D8B6-4786-80CC-48C23797F47F}.Release|Any CPU.ActiveCfg = Release|Any CPU
		{6DAFFCFB-D8B6-4786-80CC-48C23797F47F}.Release|Any CPU.Build.0 = Release|Any CPU
	EndGlobalSection
	GlobalSection(SolutionProperties) = preSolution
		HideSolutionNode = FALSE
	EndGlobalSection
	GlobalSection(ExtensibilityGlobals) = postSolution
		SolutionGuid = {8707766C-999E-4B17-AE39-5D8265CFBE0A}
	EndGlobalSection
EndGlobal
